// !$*UTF8*$!
{
	archiveVersion = 1;
	classes = {
	};
	objectVersion = 77;
	objects = {

/* Begin PBXBuildFile section */
		64D8EF8F2CD071CA00A3B6DC /* ComposableArchitecture in Frameworks */ = {isa = PBXBuildFile; productRef = 64D8EF8E2CD071CA00A3B6DC /* ComposableArchitecture */; };
		64D8EF922CD071D800A3B6DC /* ComposableArchitecture in Frameworks */ = {isa = PBXBuildFile; productRef = 64D8EF912CD071D800A3B6DC /* ComposableArchitecture */; };
/* End PBXBuildFile section */

/* Begin PBXContainerItemProxy section */
		64D8EF5B2CCF9C8000A3B6DC /* PBXContainerItemProxy */ = {
			isa = PBXContainerItemProxy;
			containerPortal = 64D8EF422CCF9C7D00A3B6DC /* Project object */;
			proxyType = 1;
			remoteGlobalIDString = 64D8EF492CCF9C7D00A3B6DC;
			remoteInfo = "TCA-The-Composable-Architecture";
		};
		64D8EF652CCF9C8000A3B6DC /* PBXContainerItemProxy */ = {
			isa = PBXContainerItemProxy;
			containerPortal = 64D8EF422CCF9C7D00A3B6DC /* Project object */;
			proxyType = 1;
			remoteGlobalIDString = 64D8EF492CCF9C7D00A3B6DC;
			remoteInfo = "TCA-The-Composable-Architecture";
		};
/* End PBXContainerItemProxy section */

/* Begin PBXFileReference section */
		64D8EF4A2CCF9C7D00A3B6DC /* TCA-The-Composable-Architecture.app */ = {isa = PBXFileReference; explicitFileType = wrapper.application; includeInIndex = 0; path = "TCA-The-Composable-Architecture.app"; sourceTree = BUILT_PRODUCTS_DIR; };
		64D8EF5A2CCF9C8000A3B6DC /* TCA-The-Composable-ArchitectureTests.xctest */ = {isa = PBXFileReference; explicitFileType = wrapper.cfbundle; includeInIndex = 0; path = "TCA-The-Composable-ArchitectureTests.xctest"; sourceTree = BUILT_PRODUCTS_DIR; };
		64D8EF642CCF9C8000A3B6DC /* TCA-The-Composable-ArchitectureUITests.xctest */ = {isa = PBXFileReference; explicitFileType = wrapper.cfbundle; includeInIndex = 0; path = "TCA-The-Composable-ArchitectureUITests.xctest"; sourceTree = BUILT_PRODUCTS_DIR; };
/* End PBXFileReference section */

/* Begin PBXFileSystemSynchronizedRootGroup section */
		64D8EF4C2CCF9C7D00A3B6DC /* TCA-The-Composable-Architecture */ = {
			isa = PBXFileSystemSynchronizedRootGroup;
			path = "TCA-The-Composable-Architecture";
			sourceTree = "<group>";
		};
		64D8EF5D2CCF9C8000A3B6DC /* TCA-The-Composable-ArchitectureTests */ = {
			isa = PBXFileSystemSynchronizedRootGroup;
			path = "TCA-The-Composable-ArchitectureTests";
			sourceTree = "<group>";
		};
		64D8EF672CCF9C8000A3B6DC /* TCA-The-Composable-ArchitectureUITests */ = {
			isa = PBXFileSystemSynchronizedRootGroup;
			path = "TCA-The-Composable-ArchitectureUITests";
			sourceTree = "<group>";
		};
		64D8EFAC2CD098A100A3B6DC /* SwiftUIPreviews */ = {
			isa = PBXFileSystemSynchronizedRootGroup;
			path = SwiftUIPreviews;
			sourceTree = "<group>";
		};
		64D8EFB82CD098A100A3B6DC /* SwiftUIPreviewsTests */ = {
			isa = PBXFileSystemSynchronizedRootGroup;
			path = SwiftUIPreviewsTests;
			sourceTree = "<group>";
		};
/* End PBXFileSystemSynchronizedRootGroup section */

/* Begin PBXFrameworksBuildPhase section */
		64D8EF472CCF9C7D00A3B6DC /* Frameworks */ = {
			isa = PBXFrameworksBuildPhase;
			buildActionMask = 2147483647;
			files = (
				64D8EF8F2CD071CA00A3B6DC /* ComposableArchitecture in Frameworks */,
			);
			runOnlyForDeploymentPostprocessing = 0;
		};
		64D8EF572CCF9C8000A3B6DC /* Frameworks */ = {
			isa = PBXFrameworksBuildPhase;
			buildActionMask = 2147483647;
			files = (
			);
			runOnlyForDeploymentPostprocessing = 0;
		};
		64D8EF612CCF9C8000A3B6DC /* Frameworks */ = {
			isa = PBXFrameworksBuildPhase;
			buildActionMask = 2147483647;
			files = (
				64D8EF922CD071D800A3B6DC /* ComposableArchitecture in Frameworks */,
			);
			runOnlyForDeploymentPostprocessing = 0;
		};
/* End PBXFrameworksBuildPhase section */

/* Begin PBXGroup section */
		64D8EF412CCF9C7D00A3B6DC = {
			isa = PBXGroup;
			children = (
				64D8EF4C2CCF9C7D00A3B6DC /* TCA-The-Composable-Architecture */,
				64D8EF5D2CCF9C8000A3B6DC /* TCA-The-Composable-ArchitectureTests */,
				64D8EF672CCF9C8000A3B6DC /* TCA-The-Composable-ArchitectureUITests */,
				64D8EFAC2CD098A100A3B6DC /* SwiftUIPreviews */,
				64D8EFB82CD098A100A3B6DC /* SwiftUIPreviewsTests */,
				64D8EF902CD071D800A3B6DC /* Frameworks */,
				64D8EF4B2CCF9C7D00A3B6DC /* Products */,
			);
			sourceTree = "<group>";
		};
		64D8EF4B2CCF9C7D00A3B6DC /* Products */ = {
			isa = PBXGroup;
			children = (
				64D8EF4A2CCF9C7D00A3B6DC /* TCA-The-Composable-Architecture.app */,
				64D8EF5A2CCF9C8000A3B6DC /* TCA-The-Composable-ArchitectureTests.xctest */,
				64D8EF642CCF9C8000A3B6DC /* TCA-The-Composable-ArchitectureUITests.xctest */,
			);
			name = Products;
			sourceTree = "<group>";
		};
		64D8EF902CD071D800A3B6DC /* Frameworks */ = {
			isa = PBXGroup;
			children = (
			);
			name = Frameworks;
			sourceTree = "<group>";
		};
/* End PBXGroup section */

/* Begin PBXNativeTarget section */
		64D8EF492CCF9C7D00A3B6DC /* TCA-The-Composable-Architecture */ = {
			isa = PBXNativeTarget;
			buildConfigurationList = 64D8EF6E2CCF9C8000A3B6DC /* Build configuration list for PBXNativeTarget "TCA-The-Composable-Architecture" */;
			buildPhases = (
				64D8EF462CCF9C7D00A3B6DC /* Sources */,
				64D8EF472CCF9C7D00A3B6DC /* Frameworks */,
				64D8EF482CCF9C7D00A3B6DC /* Resources */,
			);
			buildRules = (
			);
			dependencies = (
			);
			fileSystemSynchronizedGroups = (
				64D8EF4C2CCF9C7D00A3B6DC /* TCA-The-Composable-Architecture */,
			);
			name = "TCA-The-Composable-Architecture";
			packageProductDependencies = (
				64D8EF8E2CD071CA00A3B6DC /* ComposableArchitecture */,
			);
			productName = "TCA-The-Composable-Architecture";
			productReference = 64D8EF4A2CCF9C7D00A3B6DC /* TCA-The-Composable-Architecture.app */;
			productType = "com.apple.product-type.application";
		};
		64D8EF592CCF9C8000A3B6DC /* TCA-The-Composable-ArchitectureTests */ = {
			isa = PBXNativeTarget;
			buildConfigurationList = 64D8EF712CCF9C8000A3B6DC /* Build configuration list for PBXNativeTarget "TCA-The-Composable-ArchitectureTests" */;
			buildPhases = (
				64D8EF562CCF9C8000A3B6DC /* Sources */,
				64D8EF572CCF9C8000A3B6DC /* Frameworks */,
				64D8EF582CCF9C8000A3B6DC /* Resources */,
			);
			buildRules = (
			);
			dependencies = (
				64D8EF5C2CCF9C8000A3B6DC /* PBXTargetDependency */,
			);
			fileSystemSynchronizedGroups = (
				64D8EF5D2CCF9C8000A3B6DC /* TCA-The-Composable-ArchitectureTests */,
			);
			name = "TCA-The-Composable-ArchitectureTests";
			packageProductDependencies = (
			);
			productName = "TCA-The-Composable-ArchitectureTests";
			productReference = 64D8EF5A2CCF9C8000A3B6DC /* TCA-The-Composable-ArchitectureTests.xctest */;
			productType = "com.apple.product-type.bundle.unit-test";
		};
		64D8EF632CCF9C8000A3B6DC /* TCA-The-Composable-ArchitectureUITests */ = {
			isa = PBXNativeTarget;
			buildConfigurationList = 64D8EF742CCF9C8000A3B6DC /* Build configuration list for PBXNativeTarget "TCA-The-Composable-ArchitectureUITests" */;
			buildPhases = (
				64D8EF602CCF9C8000A3B6DC /* Sources */,
				64D8EF612CCF9C8000A3B6DC /* Frameworks */,
				64D8EF622CCF9C8000A3B6DC /* Resources */,
			);
			buildRules = (
			);
			dependencies = (
				64D8EF662CCF9C8000A3B6DC /* PBXTargetDependency */,
			);
			fileSystemSynchronizedGroups = (
				64D8EF672CCF9C8000A3B6DC /* TCA-The-Composable-ArchitectureUITests */,
			);
			name = "TCA-The-Composable-ArchitectureUITests";
			packageProductDependencies = (
				64D8EF912CD071D800A3B6DC /* ComposableArchitecture */,
			);
			productName = "TCA-The-Composable-ArchitectureUITests";
			productReference = 64D8EF642CCF9C8000A3B6DC /* TCA-The-Composable-ArchitectureUITests.xctest */;
			productType = "com.apple.product-type.bundle.ui-testing";
		};
/* End PBXNativeTarget section */

/* Begin PBXProject section */
		64D8EF422CCF9C7D00A3B6DC /* Project object */ = {
			isa = PBXProject;
			attributes = {
				BuildIndependentTargetsInParallel = 1;
				LastSwiftUpdateCheck = 1600;
				LastUpgradeCheck = 1600;
				TargetAttributes = {
					64D8EF492CCF9C7D00A3B6DC = {
						CreatedOnToolsVersion = 16.0;
					};
					64D8EF592CCF9C8000A3B6DC = {
						CreatedOnToolsVersion = 16.0;
						TestTargetID = 64D8EF492CCF9C7D00A3B6DC;
					};
					64D8EF632CCF9C8000A3B6DC = {
						CreatedOnToolsVersion = 16.0;
						TestTargetID = 64D8EF492CCF9C7D00A3B6DC;
					};
				};
			};
			buildConfigurationList = 64D8EF452CCF9C7D00A3B6DC /* Build configuration list for PBXProject "TCA-The-Composable-Architecture" */;
			developmentRegion = en;
			hasScannedForEncodings = 0;
			knownRegions = (
				en,
				Base,
			);
			mainGroup = 64D8EF412CCF9C7D00A3B6DC;
			minimizedProjectReferenceProxies = 1;
			packageReferences = (
				64D8EF8D2CD071CA00A3B6DC /* XCRemoteSwiftPackageReference "swift-composable-architecture" */,
			);
			preferredProjectObjectVersion = 77;
			productRefGroup = 64D8EF4B2CCF9C7D00A3B6DC /* Products */;
			projectDirPath = "";
			projectRoot = "";
			targets = (
				64D8EF492CCF9C7D00A3B6DC /* TCA-The-Composable-Architecture */,
				64D8EF592CCF9C8000A3B6DC /* TCA-The-Composable-ArchitectureTests */,
				64D8EF632CCF9C8000A3B6DC /* TCA-The-Composable-ArchitectureUITests */,
			);
		};
/* End PBXProject section */

/* Begin PBXResourcesBuildPhase section */
		64D8EF482CCF9C7D00A3B6DC /* Resources */ = {
			isa = PBXResourcesBuildPhase;
			buildActionMask = 2147483647;
			files = (
			);
			runOnlyForDeploymentPostprocessing = 0;
		};
		64D8EF582CCF9C8000A3B6DC /* Resources */ = {
			isa = PBXResourcesBuildPhase;
			buildActionMask = 2147483647;
			files = (
			);
			runOnlyForDeploymentPostprocessing = 0;
		};
		64D8EF622CCF9C8000A3B6DC /* Resources */ = {
			isa = PBXResourcesBuildPhase;
			buildActionMask = 2147483647;
			files = (
			);
			runOnlyForDeploymentPostprocessing = 0;
		};
/* End PBXResourcesBuildPhase section */

/* Begin PBXSourcesBuildPhase section */
		64D8EF462CCF9C7D00A3B6DC /* Sources */ = {
			isa = PBXSourcesBuildPhase;
			buildActionMask = 2147483647;
			files = (
			);
			runOnlyForDeploymentPostprocessing = 0;
		};
		64D8EF562CCF9C8000A3B6DC /* Sources */ = {
			isa = PBXSourcesBuildPhase;
			buildActionMask = 2147483647;
			files = (
			);
			runOnlyForDeploymentPostprocessing = 0;
		};
		64D8EF602CCF9C8000A3B6DC /* Sources */ = {
			isa = PBXSourcesBuildPhase;
			buildActionMask = 2147483647;
			files = (
			);
			runOnlyForDeploymentPostprocessing = 0;
		};
/* End PBXSourcesBuildPhase section */

/* Begin PBXTargetDependency section */
		64D8EF5C2CCF9C8000A3B6DC /* PBXTargetDependency */ = {
			isa = PBXTargetDependency;
			target = 64D8EF492CCF9C7D00A3B6DC /* TCA-The-Composable-Architecture */;
			targetProxy = 64D8EF5B2CCF9C8000A3B6DC /* PBXContainerItemProxy */;
		};
		64D8EF662CCF9C8000A3B6DC /* PBXTargetDependency */ = {
			isa = PBXTargetDependency;
			target = 64D8EF492CCF9C7D00A3B6DC /* TCA-The-Composable-Architecture */;
			targetProxy = 64D8EF652CCF9C8000A3B6DC /* PBXContainerItemProxy */;
		};
/* End PBXTargetDependency section */

/* Begin XCBuildConfiguration section */
		64D8EF6C2CCF9C8000A3B6DC /* Debug */ = {
			isa = XCBuildConfiguration;
			buildSettings = {
				ALWAYS_SEARCH_USER_PATHS = NO;
				ASSETCATALOG_COMPILER_GENERATE_SWIFT_ASSET_SYMBOL_EXTENSIONS = YES;
				CLANG_ANALYZER_NONNULL = YES;
				CLANG_ANALYZER_NUMBER_OBJECT_CONVERSION = YES_AGGRESSIVE;
				CLANG_CXX_LANGUAGE_STANDARD = "gnu++20";
				CLANG_ENABLE_MODULES = YES;
				CLANG_ENABLE_OBJC_ARC = YES;
				CLANG_ENABLE_OBJC_WEAK = YES;
				CLANG_WARN_BLOCK_CAPTURE_AUTORELEASING = YES;
				CLANG_WARN_BOOL_CONVERSION = YES;
				CLANG_WARN_COMMA = YES;
				CLANG_WARN_CONSTANT_CONVERSION = YES;
				CLANG_WARN_DEPRECATED_OBJC_IMPLEMENTATIONS = YES;
				CLANG_WARN_DIRECT_OBJC_ISA_USAGE = YES_ERROR;
				CLANG_WARN_DOCUMENTATION_COMMENTS = YES;
				CLANG_WARN_EMPTY_BODY = YES;
				CLANG_WARN_ENUM_CONVERSION = YES;
				CLANG_WARN_INFINITE_RECURSION = YES;
				CLANG_WARN_INT_CONVERSION = YES;
				CLANG_WARN_NON_LITERAL_NULL_CONVERSION = YES;
				CLANG_WARN_OBJC_IMPLICIT_RETAIN_SELF = YES;
				CLANG_WARN_OBJC_LITERAL_CONVERSION = YES;
				CLANG_WARN_OBJC_ROOT_CLASS = YES_ERROR;
				CLANG_WARN_QUOTED_INCLUDE_IN_FRAMEWORK_HEADER = YES;
				CLANG_WARN_RANGE_LOOP_ANALYSIS = YES;
				CLANG_WARN_STRICT_PROTOTYPES = YES;
				CLANG_WARN_SUSPICIOUS_MOVE = YES;
				CLANG_WARN_UNGUARDED_AVAILABILITY = YES_AGGRESSIVE;
				CLANG_WARN_UNREACHABLE_CODE = YES;
				CLANG_WARN__DUPLICATE_METHOD_MATCH = YES;
				COPY_PHASE_STRIP = NO;
				DEBUG_INFORMATION_FORMAT = dwarf;
				ENABLE_STRICT_OBJC_MSGSEND = YES;
				ENABLE_TESTABILITY = YES;
				ENABLE_USER_SCRIPT_SANDBOXING = YES;
				GCC_C_LANGUAGE_STANDARD = gnu17;
				GCC_DYNAMIC_NO_PIC = NO;
				GCC_NO_COMMON_BLOCKS = YES;
				GCC_OPTIMIZATION_LEVEL = 0;
				GCC_PREPROCESSOR_DEFINITIONS = (
					"DEBUG=1",
					"$(inherited)",
				);
				GCC_WARN_64_TO_32_BIT_CONVERSION = YES;
				GCC_WARN_ABOUT_RETURN_TYPE = YES_ERROR;
				GCC_WARN_UNDECLARED_SELECTOR = YES;
				GCC_WARN_UNINITIALIZED_AUTOS = YES_AGGRESSIVE;
				GCC_WARN_UNUSED_FUNCTION = YES;
				GCC_WARN_UNUSED_VARIABLE = YES;
				IPHONEOS_DEPLOYMENT_TARGET = 18.0;
				LOCALIZATION_PREFERS_STRING_CATALOGS = YES;
				MTL_ENABLE_DEBUG_INFO = INCLUDE_SOURCE;
				MTL_FAST_MATH = YES;
				ONLY_ACTIVE_ARCH = YES;
				SDKROOT = iphoneos;
				SWIFT_ACTIVE_COMPILATION_CONDITIONS = "DEBUG $(inherited)";
				SWIFT_OPTIMIZATION_LEVEL = "-Onone";
			};
			name = Debug;
		};
		64D8EF6D2CCF9C8000A3B6DC /* Release */ = {
			isa = XCBuildConfiguration;
			buildSettings = {
				ALWAYS_SEARCH_USER_PATHS = NO;
				ASSETCATALOG_COMPILER_GENERATE_SWIFT_ASSET_SYMBOL_EXTENSIONS = YES;
				CLANG_ANALYZER_NONNULL = YES;
				CLANG_ANALYZER_NUMBER_OBJECT_CONVERSION = YES_AGGRESSIVE;
				CLANG_CXX_LANGUAGE_STANDARD = "gnu++20";
				CLANG_ENABLE_MODULES = YES;
				CLANG_ENABLE_OBJC_ARC = YES;
				CLANG_ENABLE_OBJC_WEAK = YES;
				CLANG_WARN_BLOCK_CAPTURE_AUTORELEASING = YES;
				CLANG_WARN_BOOL_CONVERSION = YES;
				CLANG_WARN_COMMA = YES;
				CLANG_WARN_CONSTANT_CONVERSION = YES;
				CLANG_WARN_DEPRECATED_OBJC_IMPLEMENTATIONS = YES;
				CLANG_WARN_DIRECT_OBJC_ISA_USAGE = YES_ERROR;
				CLANG_WARN_DOCUMENTATION_COMMENTS = YES;
				CLANG_WARN_EMPTY_BODY = YES;
				CLANG_WARN_ENUM_CONVERSION = YES;
				CLANG_WARN_INFINITE_RECURSION = YES;
				CLANG_WARN_INT_CONVERSION = YES;
				CLANG_WARN_NON_LITERAL_NULL_CONVERSION = YES;
				CLANG_WARN_OBJC_IMPLICIT_RETAIN_SELF = YES;
				CLANG_WARN_OBJC_LITERAL_CONVERSION = YES;
				CLANG_WARN_OBJC_ROOT_CLASS = YES_ERROR;
				CLANG_WARN_QUOTED_INCLUDE_IN_FRAMEWORK_HEADER = YES;
				CLANG_WARN_RANGE_LOOP_ANALYSIS = YES;
				CLANG_WARN_STRICT_PROTOTYPES = YES;
				CLANG_WARN_SUSPICIOUS_MOVE = YES;
				CLANG_WARN_UNGUARDED_AVAILABILITY = YES_AGGRESSIVE;
				CLANG_WARN_UNREACHABLE_CODE = YES;
				CLANG_WARN__DUPLICATE_METHOD_MATCH = YES;
				COPY_PHASE_STRIP = NO;
				DEBUG_INFORMATION_FORMAT = "dwarf-with-dsym";
				ENABLE_NS_ASSERTIONS = NO;
				ENABLE_STRICT_OBJC_MSGSEND = YES;
				ENABLE_USER_SCRIPT_SANDBOXING = YES;
				GCC_C_LANGUAGE_STANDARD = gnu17;
				GCC_NO_COMMON_BLOCKS = YES;
				GCC_WARN_64_TO_32_BIT_CONVERSION = YES;
				GCC_WARN_ABOUT_RETURN_TYPE = YES_ERROR;
				GCC_WARN_UNDECLARED_SELECTOR = YES;
				GCC_WARN_UNINITIALIZED_AUTOS = YES_AGGRESSIVE;
				GCC_WARN_UNUSED_FUNCTION = YES;
				GCC_WARN_UNUSED_VARIABLE = YES;
				IPHONEOS_DEPLOYMENT_TARGET = 18.0;
				LOCALIZATION_PREFERS_STRING_CATALOGS = YES;
				MTL_ENABLE_DEBUG_INFO = NO;
				MTL_FAST_MATH = YES;
				SDKROOT = iphoneos;
				SWIFT_COMPILATION_MODE = wholemodule;
				VALIDATE_PRODUCT = YES;
			};
			name = Release;
		};
		64D8EF6F2CCF9C8000A3B6DC /* Debug */ = {
			isa = XCBuildConfiguration;
			buildSettings = {
				ASSETCATALOG_COMPILER_APPICON_NAME = AppIcon;
				ASSETCATALOG_COMPILER_GLOBAL_ACCENT_COLOR_NAME = AccentColor;
				CODE_SIGN_STYLE = Automatic;
				CURRENT_PROJECT_VERSION = 1;
				DEVELOPMENT_ASSET_PATHS = "\"TCA-The-Composable-Architecture/Preview Content\"";
				DEVELOPMENT_TEAM = 9S8KMMC3YH;
				ENABLE_PREVIEWS = YES;
				GENERATE_INFOPLIST_FILE = YES;
				INFOPLIST_KEY_UIApplicationSceneManifest_Generation = YES;
				INFOPLIST_KEY_UIApplicationSupportsIndirectInputEvents = YES;
				INFOPLIST_KEY_UILaunchScreen_Generation = YES;
				INFOPLIST_KEY_UISupportedInterfaceOrientations_iPad = "UIInterfaceOrientationPortrait UIInterfaceOrientationPortraitUpsideDown UIInterfaceOrientationLandscapeLeft UIInterfaceOrientationLandscapeRight";
				INFOPLIST_KEY_UISupportedInterfaceOrientations_iPhone = "UIInterfaceOrientationPortrait UIInterfaceOrientationLandscapeLeft UIInterfaceOrientationLandscapeRight";
				LD_RUNPATH_SEARCH_PATHS = (
					"$(inherited)",
					"@executable_path/Frameworks",
				);
				MARKETING_VERSION = 1.0;
				PRODUCT_BUNDLE_IDENTIFIER = "com.woogie.TCA-The-Composable-Architecture";
				PRODUCT_NAME = "$(TARGET_NAME)";
				SWIFT_EMIT_LOC_STRINGS = YES;
				SWIFT_VERSION = 5.0;
				TARGETED_DEVICE_FAMILY = "1,2";
			};
			name = Debug;
		};
		64D8EF702CCF9C8000A3B6DC /* Release */ = {
			isa = XCBuildConfiguration;
			buildSettings = {
				ASSETCATALOG_COMPILER_APPICON_NAME = AppIcon;
				ASSETCATALOG_COMPILER_GLOBAL_ACCENT_COLOR_NAME = AccentColor;
				CODE_SIGN_STYLE = Automatic;
				CURRENT_PROJECT_VERSION = 1;
				DEVELOPMENT_ASSET_PATHS = "\"TCA-The-Composable-Architecture/Preview Content\"";
				DEVELOPMENT_TEAM = 9S8KMMC3YH;
				ENABLE_PREVIEWS = YES;
				GENERATE_INFOPLIST_FILE = YES;
				INFOPLIST_KEY_UIApplicationSceneManifest_Generation = YES;
				INFOPLIST_KEY_UIApplicationSupportsIndirectInputEvents = YES;
				INFOPLIST_KEY_UILaunchScreen_Generation = YES;
				INFOPLIST_KEY_UISupportedInterfaceOrientations_iPad = "UIInterfaceOrientationPortrait UIInterfaceOrientationPortraitUpsideDown UIInterfaceOrientationLandscapeLeft UIInterfaceOrientationLandscapeRight";
				INFOPLIST_KEY_UISupportedInterfaceOrientations_iPhone = "UIInterfaceOrientationPortrait UIInterfaceOrientationLandscapeLeft UIInterfaceOrientationLandscapeRight";
				LD_RUNPATH_SEARCH_PATHS = (
					"$(inherited)",
					"@executable_path/Frameworks",
				);
				MARKETING_VERSION = 1.0;
				PRODUCT_BUNDLE_IDENTIFIER = "com.woogie.TCA-The-Composable-Architecture";
				PRODUCT_NAME = "$(TARGET_NAME)";
				SWIFT_EMIT_LOC_STRINGS = YES;
				SWIFT_VERSION = 5.0;
				TARGETED_DEVICE_FAMILY = "1,2";
			};
			name = Release;
		};
		64D8EF722CCF9C8000A3B6DC /* Debug */ = {
			isa = XCBuildConfiguration;
			buildSettings = {
				BUNDLE_LOADER = "$(TEST_HOST)";
				CODE_SIGN_STYLE = Automatic;
				CURRENT_PROJECT_VERSION = 1;
				DEVELOPMENT_TEAM = 9S8KMMC3YH;
				GENERATE_INFOPLIST_FILE = YES;
				IPHONEOS_DEPLOYMENT_TARGET = 18.0;
				MARKETING_VERSION = 1.0;
				PRODUCT_BUNDLE_IDENTIFIER = "com.woogie.TCA-The-Composable-ArchitectureTests";
				PRODUCT_NAME = "$(TARGET_NAME)";
				SWIFT_EMIT_LOC_STRINGS = NO;
				SWIFT_VERSION = 5.0;
				TARGETED_DEVICE_FAMILY = "1,2";
				TEST_HOST = "$(BUILT_PRODUCTS_DIR)/TCA-The-Composable-Architecture.app/$(BUNDLE_EXECUTABLE_FOLDER_PATH)/TCA-The-Composable-Architecture";
			};
			name = Debug;
		};
		64D8EF732CCF9C8000A3B6DC /* Release */ = {
			isa = XCBuildConfiguration;
			buildSettings = {
				BUNDLE_LOADER = "$(TEST_HOST)";
				CODE_SIGN_STYLE = Automatic;
				CURRENT_PROJECT_VERSION = 1;
				DEVELOPMENT_TEAM = 9S8KMMC3YH;
				GENERATE_INFOPLIST_FILE = YES;
				IPHONEOS_DEPLOYMENT_TARGET = 18.0;
				MARKETING_VERSION = 1.0;
				PRODUCT_BUNDLE_IDENTIFIER = "com.woogie.TCA-The-Composable-ArchitectureTests";
				PRODUCT_NAME = "$(TARGET_NAME)";
				SWIFT_EMIT_LOC_STRINGS = NO;
				SWIFT_VERSION = 5.0;
				TARGETED_DEVICE_FAMILY = "1,2";
				TEST_HOST = "$(BUILT_PRODUCTS_DIR)/TCA-The-Composable-Architecture.app/$(BUNDLE_EXECUTABLE_FOLDER_PATH)/TCA-The-Composable-Architecture";
			};
			name = Release;
		};
		64D8EF752CCF9C8000A3B6DC /* Debug */ = {
			isa = XCBuildConfiguration;
			buildSettings = {
				CODE_SIGN_STYLE = Automatic;
				CURRENT_PROJECT_VERSION = 1;
				DEVELOPMENT_TEAM = 9S8KMMC3YH;
				GENERATE_INFOPLIST_FILE = YES;
				MARKETING_VERSION = 1.0;
				PRODUCT_BUNDLE_IDENTIFIER = "com.woogie.TCA-The-Composable-ArchitectureUITests";
				PRODUCT_NAME = "$(TARGET_NAME)";
				SWIFT_EMIT_LOC_STRINGS = NO;
				SWIFT_VERSION = 5.0;
				TARGETED_DEVICE_FAMILY = "1,2";
				TEST_TARGET_NAME = "TCA-The-Composable-Architecture";
			};
			name = Debug;
		};
		64D8EF762CCF9C8000A3B6DC /* Release */ = {
			isa = XCBuildConfiguration;
			buildSettings = {
				CODE_SIGN_STYLE = Automatic;
				CURRENT_PROJECT_VERSION = 1;
				DEVELOPMENT_TEAM = 9S8KMMC3YH;
				GENERATE_INFOPLIST_FILE = YES;
				MARKETING_VERSION = 1.0;
				PRODUCT_BUNDLE_IDENTIFIER = "com.woogie.TCA-The-Composable-ArchitectureUITests";
				PRODUCT_NAME = "$(TARGET_NAME)";
				SWIFT_EMIT_LOC_STRINGS = NO;
				SWIFT_VERSION = 5.0;
				TARGETED_DEVICE_FAMILY = "1,2";
				TEST_TARGET_NAME = "TCA-The-Composable-Architecture";
			};
			name = Release;
		};
/* End XCBuildConfiguration section */

/* Begin XCConfigurationList section */
		64D8EF452CCF9C7D00A3B6DC /* Build configuration list for PBXProject "TCA-The-Composable-Architecture" */ = {
			isa = XCConfigurationList;
			buildConfigurations = (
				64D8EF6C2CCF9C8000A3B6DC /* Debug */,
				64D8EF6D2CCF9C8000A3B6DC /* Release */,
			);
			defaultConfigurationIsVisible = 0;
			defaultConfigurationName = Release;
		};
		64D8EF6E2CCF9C8000A3B6DC /* Build configuration list for PBXNativeTarget "TCA-The-Composable-Architecture" */ = {
			isa = XCConfigurationList;
			buildConfigurations = (
				64D8EF6F2CCF9C8000A3B6DC /* Debug */,
				64D8EF702CCF9C8000A3B6DC /* Release */,
			);
			defaultConfigurationIsVisible = 0;
			defaultConfigurationName = Release;
		};
		64D8EF712CCF9C8000A3B6DC /* Build configuration list for PBXNativeTarget "TCA-The-Composable-ArchitectureTests" */ = {
			isa = XCConfigurationList;
			buildConfigurations = (
				64D8EF722CCF9C8000A3B6DC /* Debug */,
				64D8EF732CCF9C8000A3B6DC /* Release */,
			);
			defaultConfigurationIsVisible = 0;
			defaultConfigurationName = Release;
		};
		64D8EF742CCF9C8000A3B6DC /* Build configuration list for PBXNativeTarget "TCA-The-Composable-ArchitectureUITests" */ = {
			isa = XCConfigurationList;
			buildConfigurations = (
				64D8EF752CCF9C8000A3B6DC /* Debug */,
				64D8EF762CCF9C8000A3B6DC /* Release */,
			);
			defaultConfigurationIsVisible = 0;
			defaultConfigurationName = Release;
		};
/* End XCConfigurationList section */

/* Begin XCRemoteSwiftPackageReference section */
		64D8EF8D2CD071CA00A3B6DC /* XCRemoteSwiftPackageReference "swift-composable-architecture" */ = {
			isa = XCRemoteSwiftPackageReference;
			repositoryURL = "https://github.com/pointfreeco/swift-composable-architecture";
			requirement = {
				kind = upToNextMajorVersion;
				minimumVersion = 1.15.2;
			};
		};
/* End XCRemoteSwiftPackageReference section */

/* Begin XCSwiftPackageProductDependency section */
		64D8EF8E2CD071CA00A3B6DC /* ComposableArchitecture */ = {
			isa = XCSwiftPackageProductDependency;
			package = 64D8EF8D2CD071CA00A3B6DC /* XCRemoteSwiftPackageReference "swift-composable-architecture" */;
			productName = ComposableArchitecture;
		};
		64D8EF912CD071D800A3B6DC /* ComposableArchitecture */ = {
			isa = XCSwiftPackageProductDependency;
			package = 64D8EF8D2CD071CA00A3B6DC /* XCRemoteSwiftPackageReference "swift-composable-architecture" */;
			productName = ComposableArchitecture;
		};
/* End XCSwiftPackageProductDependency section */
	};
	rootObject = 64D8EF422CCF9C7D00A3B6DC /* Project object */;
}
